
Microsoft Visual Studio Solution File, Format Version 12.00
# Visual Studio Version 17
VisualStudioVersion = 17.14.36414.22 d17.14
MinimumVisualStudioVersion = 10.0.40219.1
Project("{FAE04EC0-301F-11D3-BF4B-00C04F79EFBC}") = "1. Ariketak", "1. Ariketak\1. Ariketak.csproj", "{A1450980-844A-4C4C-A7B6-5D55F457B457}"
EndProject
Global
	GlobalSection(SolutionConfigurationPlatforms) = preSolution
		Debug|Any CPU = Debug|Any CPU
		Release|Any CPU = Release|Any CPU
	EndGlobalSection
	GlobalSection(ProjectConfigurationPlatforms) = postSolution
		{A1450980-844A-4C4C-A7B6-5D55F457B457}.Debug|Any CPU.ActiveCfg = Debug|Any CPU
		{A1450980-844A-4C4C-A7B6-5D55F457B457}.Debug|Any CPU.Build.0 = Debug|Any CPU
		{A1450980-844A-4C4C-A7B6-5D55F457B457}.Release|Any CPU.ActiveCfg = Release|Any CPU
		{A1450980-844A-4C4C-A7B6-5D55F457B457}.Release|Any CPU.Build.0 = Release|Any CPU
	EndGlobalSection
	GlobalSection(SolutionProperties) = preSolution
		HideSolutionNode = FALSE
	EndGlobalSection
	GlobalSection(ExtensibilityGlobals) = postSolution
		SolutionGuid = {C0E10C9D-BBD3-498A-8844-0F54373EA120}
	EndGlobalSection
EndGlobal
