
Microsoft Visual Studio Solution File, Format Version 12.00
# Visual Studio Version 17
VisualStudioVersion = 17.14.36414.22 d17.14
MinimumVisualStudioVersion = 10.0.40219.1
Project("{FAE04EC0-301F-11D3-BF4B-00C04F79EFBC}") = "13. Ariketa", "13. Ariketa\13. Ariketa.csproj", "{3FFBBFAF-F13A-4098-AD30-41AC9330A3D6}"
EndProject
Global
	GlobalSection(SolutionConfigurationPlatforms) = preSolution
		Debug|Any CPU = Debug|Any CPU
		Release|Any CPU = Release|Any CPU
	EndGlobalSection
	GlobalSection(ProjectConfigurationPlatforms) = postSolution
		{3FFBBFAF-F13A-4098-AD30-41AC9330A3D6}.Debug|Any CPU.ActiveCfg = Debug|Any CPU
		{3FFBBFAF-F13A-4098-AD30-41AC9330A3D6}.Debug|Any CPU.Build.0 = Debug|Any CPU
		{3FFBBFAF-F13A-4098-AD30-41AC9330A3D6}.Release|Any CPU.ActiveCfg = Release|Any CPU
		{3FFBBFAF-F13A-4098-AD30-41AC9330A3D6}.Release|Any CPU.Build.0 = Release|Any CPU
	EndGlobalSection
	GlobalSection(SolutionProperties) = preSolution
		HideSolutionNode = FALSE
	EndGlobalSection
	GlobalSection(ExtensibilityGlobals) = postSolution
		SolutionGuid = {ACE24972-425C-4E28-8597-66B89D647207}
	EndGlobalSection
EndGlobal
