
Microsoft Visual Studio Solution File, Format Version 12.00
# Visual Studio Version 17
VisualStudioVersion = 17.14.36414.22 d17.14
MinimumVisualStudioVersion = 10.0.40219.1
Project("{FAE04EC0-301F-11D3-BF4B-00C04F79EFBC}") = "7. Ariketa", "7. Ariketa\7. Ariketa.csproj", "{49248A89-1D81-4A9A-808E-06F724CA87E9}"
EndProject
Global
	GlobalSection(SolutionConfigurationPlatforms) = preSolution
		Debug|Any CPU = Debug|Any CPU
		Release|Any CPU = Release|Any CPU
	EndGlobalSection
	GlobalSection(ProjectConfigurationPlatforms) = postSolution
		{49248A89-1D81-4A9A-808E-06F724CA87E9}.Debug|Any CPU.ActiveCfg = Debug|Any CPU
		{49248A89-1D81-4A9A-808E-06F724CA87E9}.Debug|Any CPU.Build.0 = Debug|Any CPU
		{49248A89-1D81-4A9A-808E-06F724CA87E9}.Release|Any CPU.ActiveCfg = Release|Any CPU
		{49248A89-1D81-4A9A-808E-06F724CA87E9}.Release|Any CPU.Build.0 = Release|Any CPU
	EndGlobalSection
	GlobalSection(SolutionProperties) = preSolution
		HideSolutionNode = FALSE
	EndGlobalSection
	GlobalSection(ExtensibilityGlobals) = postSolution
		SolutionGuid = {8E4A2259-389D-4C9A-8906-E228FED81E55}
	EndGlobalSection
EndGlobal
